
Microsoft Visual Studio Solution File, Format Version 12.00
# Visual Studio Version 17
VisualStudioVersion = 17.6.33829.357
MinimumVisualStudioVersion = 10.0.40219.1
Project("{FAE04EC0-301F-11D3-BF4B-00C04F79EFBC}") = "StockMarket.Server", "StockMarket.Server\StockMarket.Server.csproj", "{EC17A12C-B124-4BC8-961D-4EC40AB85DA1}"
EndProject
Project("{FAE04EC0-301F-11D3-BF4B-00C04F79EFBC}") = "StockMarket.Database.SqlServer", "StockMarket.Database.SqlServer\StockMarket.Database.SqlServer.csproj", "{B787E893-038C-4E62-A752-2A19EA97A01A}"
EndProject
Global
	GlobalSection(SolutionConfigurationPlatforms) = preSolution
		Debug|Any CPU = Debug|Any CPU
		Release|Any CPU = Release|Any CPU
	EndGlobalSection
	GlobalSection(ProjectConfigurationPlatforms) = postSolution
		{EC17A12C-B124-4BC8-961D-4EC40AB85DA1}.Debug|Any CPU.ActiveCfg = Debug|Any CPU
		{EC17A12C-B124-4BC8-961D-4EC40AB85DA1}.Debug|Any CPU.Build.0 = Debug|Any CPU
		{EC17A12C-B124-4BC8-961D-4EC40AB85DA1}.Release|Any CPU.ActiveCfg = Release|Any CPU
		{EC17A12C-B124-4BC8-961D-4EC40AB85DA1}.Release|Any CPU.Build.0 = Release|Any CPU
		{B787E893-038C-4E62-A752-2A19EA97A01A}.Debug|Any CPU.ActiveCfg = Debug|Any CPU
		{B787E893-038C-4E62-A752-2A19EA97A01A}.Debug|Any CPU.Build.0 = Debug|Any CPU
		{B787E893-038C-4E62-A752-2A19EA97A01A}.Release|Any CPU.ActiveCfg = Release|Any CPU
		{B787E893-038C-4E62-A752-2A19EA97A01A}.Release|Any CPU.Build.0 = Release|Any CPU
	EndGlobalSection
	GlobalSection(SolutionProperties) = preSolution
		HideSolutionNode = FALSE
	EndGlobalSection
	GlobalSection(ExtensibilityGlobals) = postSolution
		SolutionGuid = {D4708497-DF04-44A2-82E7-319FA2C0D61E}
	EndGlobalSection
EndGlobal
